
Microsoft Visual Studio Solution File, Format Version 12.00
# Visual Studio Version 16
VisualStudioVersion = 16.0.31129.286
MinimumVisualStudioVersion = 10.0.40219.1
Project("{FAE04EC0-301F-11D3-BF4B-00C04F79EFBC}") = "Lab.EF.UI", "Lab.EF.UI\Lab.EF.UI.csproj", "{397D12FE-03B0-4DE1-94F4-6079D4754446}"
EndProject
Project("{FAE04EC0-301F-11D3-BF4B-00C04F79EFBC}") = "Lab.EF.Logic", "Lab.EF.Logic\Lab.EF.Logic.csproj", "{C1A2CAAF-B2F6-4867-86E2-8330D9D8479E}"
EndProject
Project("{FAE04EC0-301F-11D3-BF4B-00C04F79EFBC}") = "Lab.EF.Entities", "Lab.EF.Entities\Lab.EF.Entities.csproj", "{655F7E63-5679-4174-9647-66673AC59141}"
EndProject
Project("{FAE04EC0-301F-11D3-BF4B-00C04F79EFBC}") = "Lab.EF.Data", "Lab.EF.Data\Lab.EF.Data.csproj", "{19A58F25-2B05-4FEE-B7B1-97452C18BF0F}"
EndProject
Project("{FAE04EC0-301F-11D3-BF4B-00C04F79EFBC}") = "Lab.EF.MVC", "Lab.EF.MVC\Lab.EF.MVC.csproj", "{B4134955-719B-4DF7-8D00-7A44FC1587F7}"
EndProject
Project("{FAE04EC0-301F-11D3-BF4B-00C04F79EFBC}") = "Lab.EF.API", "Lab.EF.API\Lab.EF.API.csproj", "{186BD7D6-1BC7-4472-BB10-858EE5AC9EF8}"
EndProject
Global
	GlobalSection(SolutionConfigurationPlatforms) = preSolution
		Debug|Any CPU = Debug|Any CPU
		Release|Any CPU = Release|Any CPU
	EndGlobalSection
	GlobalSection(ProjectConfigurationPlatforms) = postSolution
		{397D12FE-03B0-4DE1-94F4-6079D4754446}.Debug|Any CPU.ActiveCfg = Debug|Any CPU
		{397D12FE-03B0-4DE1-94F4-6079D4754446}.Debug|Any CPU.Build.0 = Debug|Any CPU
		{397D12FE-03B0-4DE1-94F4-6079D4754446}.Release|Any CPU.ActiveCfg = Release|Any CPU
		{397D12FE-03B0-4DE1-94F4-6079D4754446}.Release|Any CPU.Build.0 = Release|Any CPU
		{C1A2CAAF-B2F6-4867-86E2-8330D9D8479E}.Debug|Any CPU.ActiveCfg = Debug|Any CPU
		{C1A2CAAF-B2F6-4867-86E2-8330D9D8479E}.Debug|Any CPU.Build.0 = Debug|Any CPU
		{C1A2CAAF-B2F6-4867-86E2-8330D9D8479E}.Release|Any CPU.ActiveCfg = Release|Any CPU
		{C1A2CAAF-B2F6-4867-86E2-8330D9D8479E}.Release|Any CPU.Build.0 = Release|Any CPU
		{655F7E63-5679-4174-9647-66673AC59141}.Debug|Any CPU.ActiveCfg = Debug|Any CPU
		{655F7E63-5679-4174-9647-66673AC59141}.Debug|Any CPU.Build.0 = Debug|Any CPU
		{655F7E63-5679-4174-9647-66673AC59141}.Release|Any CPU.ActiveCfg = Release|Any CPU
		{655F7E63-5679-4174-9647-66673AC59141}.Release|Any CPU.Build.0 = Release|Any CPU
		{19A58F25-2B05-4FEE-B7B1-97452C18BF0F}.Debug|Any CPU.ActiveCfg = Debug|Any CPU
		{19A58F25-2B05-4FEE-B7B1-97452C18BF0F}.Debug|Any CPU.Build.0 = Debug|Any CPU
		{19A58F25-2B05-4FEE-B7B1-97452C18BF0F}.Release|Any CPU.ActiveCfg = Release|Any CPU
		{19A58F25-2B05-4FEE-B7B1-97452C18BF0F}.Release|Any CPU.Build.0 = Release|Any CPU
		{B4134955-719B-4DF7-8D00-7A44FC1587F7}.Debug|Any CPU.ActiveCfg = Debug|Any CPU
		{B4134955-719B-4DF7-8D00-7A44FC1587F7}.Debug|Any CPU.Build.0 = Debug|Any CPU
		{B4134955-719B-4DF7-8D00-7A44FC1587F7}.Release|Any CPU.ActiveCfg = Release|Any CPU
		{B4134955-719B-4DF7-8D00-7A44FC1587F7}.Release|Any CPU.Build.0 = Release|Any CPU
		{186BD7D6-1BC7-4472-BB10-858EE5AC9EF8}.Debug|Any CPU.ActiveCfg = Debug|Any CPU
		{186BD7D6-1BC7-4472-BB10-858EE5AC9EF8}.Debug|Any CPU.Build.0 = Debug|Any CPU
		{186BD7D6-1BC7-4472-BB10-858EE5AC9EF8}.Release|Any CPU.ActiveCfg = Release|Any CPU
		{186BD7D6-1BC7-4472-BB10-858EE5AC9EF8}.Release|Any CPU.Build.0 = Release|Any CPU
	EndGlobalSection
	GlobalSection(SolutionProperties) = preSolution
		HideSolutionNode = FALSE
	EndGlobalSection
	GlobalSection(ExtensibilityGlobals) = postSolution
		SolutionGuid = {C7E0C863-1945-48A2-B0DA-C9F29295FD63}
	EndGlobalSection
EndGlobal
