
Microsoft Visual Studio Solution File, Format Version 12.00
# Visual Studio Version 16
VisualStudioVersion = 16.0.31129.286
MinimumVisualStudioVersion = 10.0.40219.1
Project("{FAE04EC0-301F-11D3-BF4B-00C04F79EFBC}") = "IGU", "IGU\IGU.csproj", "{86F2C0AC-308D-469E-B642-86247F5713D1}"
EndProject
Project("{FAE04EC0-301F-11D3-BF4B-00C04F79EFBC}") = "Logica", "Logica\Logica.csproj", "{C1A6247E-F0FD-4AE5-8C46-715BD5A9939D}"
EndProject
Project("{FAE04EC0-301F-11D3-BF4B-00C04F79EFBC}") = "LogicTest", "LogicTest\LogicTest.csproj", "{89F45BB9-94BC-43BD-9220-D94E5356930B}"
EndProject
Global
	GlobalSection(SolutionConfigurationPlatforms) = preSolution
		Debug|Any CPU = Debug|Any CPU
		Release|Any CPU = Release|Any CPU
	EndGlobalSection
	GlobalSection(ProjectConfigurationPlatforms) = postSolution
		{86F2C0AC-308D-469E-B642-86247F5713D1}.Debug|Any CPU.ActiveCfg = Debug|Any CPU
		{86F2C0AC-308D-469E-B642-86247F5713D1}.Debug|Any CPU.Build.0 = Debug|Any CPU
		{86F2C0AC-308D-469E-B642-86247F5713D1}.Release|Any CPU.ActiveCfg = Release|Any CPU
		{86F2C0AC-308D-469E-B642-86247F5713D1}.Release|Any CPU.Build.0 = Release|Any CPU
		{C1A6247E-F0FD-4AE5-8C46-715BD5A9939D}.Debug|Any CPU.ActiveCfg = Debug|Any CPU
		{C1A6247E-F0FD-4AE5-8C46-715BD5A9939D}.Debug|Any CPU.Build.0 = Debug|Any CPU
		{C1A6247E-F0FD-4AE5-8C46-715BD5A9939D}.Release|Any CPU.ActiveCfg = Release|Any CPU
		{C1A6247E-F0FD-4AE5-8C46-715BD5A9939D}.Release|Any CPU.Build.0 = Release|Any CPU
		{89F45BB9-94BC-43BD-9220-D94E5356930B}.Debug|Any CPU.ActiveCfg = Debug|Any CPU
		{89F45BB9-94BC-43BD-9220-D94E5356930B}.Debug|Any CPU.Build.0 = Debug|Any CPU
		{89F45BB9-94BC-43BD-9220-D94E5356930B}.Release|Any CPU.ActiveCfg = Release|Any CPU
		{89F45BB9-94BC-43BD-9220-D94E5356930B}.Release|Any CPU.Build.0 = Release|Any CPU
	EndGlobalSection
	GlobalSection(SolutionProperties) = preSolution
		HideSolutionNode = FALSE
	EndGlobalSection
	GlobalSection(ExtensibilityGlobals) = postSolution
		SolutionGuid = {181A702B-7096-43A5-B7B9-3448DCDF3A36}
	EndGlobalSection
EndGlobal
